{
  "nodes": {
    "darwin": {
      "inputs": {
        "nixpkgs": [
          "unstable"
        ]
      },
      "locked": {
        "lastModified": 1722009762,
        "narHash": "sha256-KV3H6BA9UNPDdkubDMQCWKz6Z4XokHsYazRkJJZZurA=",
        "owner": "LnL7",
        "repo": "nix-darwin",
        "rev": "72bbc11aedcaba6f9a748786bb0aff9213d8fb36",
        "type": "github"
      },
      "original": {
        "owner": "LnL7",
        "ref": "master",
        "repo": "nix-darwin",
        "type": "github"
      }
    },
    "flake-utils": {
      "inputs": {
        "systems": "systems"
      },
      "locked": {
        "lastModified": 1710146030,
        "narHash": "sha256-SZ5L6eA7HJ/nmkzGG7/ISclqe6oZdOZTNoesiInkXPQ=",
        "owner": "numtide",
        "repo": "flake-utils",
        "rev": "b1d9ab70662946ef0850d488da1c9019f3a9752a",
        "type": "github"
      },
      "original": {
        "owner": "numtide",
        "repo": "flake-utils",
        "type": "github"
      }
    },
    "home-manager": {
      "inputs": {
        "nixpkgs": [
          "unstable"
        ]
      },
      "locked": {
        "lastModified": 1721996913,
        "narHash": "sha256-eqbhEBObarS6WsI0J1PVACQ8fXeq9OmSS0+iXBegoOI=",
        "owner": "nix-community",
        "repo": "home-manager",
        "rev": "bc2b96acda50229bc99925dde5c8e561e90b0b00",
        "type": "github"
      },
      "original": {
        "owner": "nix-community",
        "ref": "master",
        "repo": "home-manager",
        "type": "github"
      }
    },
    "home-manager-nixos": {
      "inputs": {
        "nixpkgs": [
          "nixos-pkgs"
        ]
      },
      "locked": {
        "lastModified": 1667907331,
        "narHash": "sha256-bHkAwkYlBjkupPUFcQjimNS8gxWSWjOTevEuwdnp5m0=",
        "owner": "nix-community",
        "repo": "home-manager",
        "rev": "6639e3a837fc5deb6f99554072789724997bc8e5",
        "type": "github"
      },
      "original": {
        "owner": "nix-community",
        "ref": "release-22.05",
        "repo": "home-manager",
        "type": "github"
      }
    },
    "nixos-pkgs": {
      "locked": {
        "lastModified": 1685573264,
        "narHash": "sha256-Zffu01pONhs/pqH07cjlF10NnMDLok8ix5Uk4rhOnZQ=",
        "owner": "nixos",
        "repo": "nixpkgs",
        "rev": "380be19fbd2d9079f677978361792cb25e8a3635",
        "type": "github"
      },
      "original": {
        "owner": "nixos",
        "ref": "nixos-22.05",
        "repo": "nixpkgs",
        "type": "github"
      }
    },
    "nixpkgs": {
      "locked": {
        "lastModified": 1716977081,
        "narHash": "sha256-pFe5jLeIPlKEln5n2h998d7cpzXFdbrBMRe3suz4K1o=",
        "owner": "nixos",
        "repo": "nixpkgs",
        "rev": "ac82a513e55582291805d6f09d35b6d8b60637a1",
        "type": "github"
      },
      "original": {
        "owner": "nixos",
        "ref": "nixpkgs-unstable",
        "repo": "nixpkgs",
        "type": "github"
      }
    },
    "oxilica-nil": {
      "inputs": {
        "flake-utils": "flake-utils",
        "nixpkgs": "nixpkgs",
        "rust-overlay": "rust-overlay"
      },
      "locked": {
        "lastModified": 1717086091,
        "narHash": "sha256-GmsEQa4HZeMfec37LZnwG/Lt/XmqFLXsjv5QWojeNiM=",
        "owner": "oxalica",
        "repo": "nil",
        "rev": "ab3ddb8f063774cf7e22eb610f5ecfdb77309f3c",
        "type": "github"
      },
      "original": {
        "owner": "oxalica",
        "repo": "nil",
        "type": "github"
      }
    },
    "root": {
      "inputs": {
        "darwin": "darwin",
        "home-manager": "home-manager",
        "home-manager-nixos": "home-manager-nixos",
        "nixos-pkgs": "nixos-pkgs",
        "oxilica-nil": "oxilica-nil",
        "unstable": "unstable"
      }
    },
    "rust-overlay": {
      "inputs": {
        "flake-utils": [
          "oxilica-nil",
          "flake-utils"
        ],
        "nixpkgs": [
          "oxilica-nil",
          "nixpkgs"
        ]
      },
      "locked": {
        "lastModified": 1717035469,
        "narHash": "sha256-MzH+yjKULH3HCRj9QCTwBvqq4LZkR0ZqRE/QfGOGC2E=",
        "owner": "oxalica",
        "repo": "rust-overlay",
        "rev": "095702e63a40e86f339d11864da9dc965b70a01e",
        "type": "github"
      },
      "original": {
        "owner": "oxalica",
        "repo": "rust-overlay",
        "type": "github"
      }
    },
    "systems": {
      "locked": {
        "lastModified": 1681028828,
        "narHash": "sha256-Vy1rq5AaRuLzOxct8nz4T6wlgyUR7zLU309k9mBC768=",
        "owner": "nix-systems",
        "repo": "default",
        "rev": "da67096a3b9bf56a91d16901293e51ba5b49a27e",
        "type": "github"
      },
      "original": {
        "owner": "nix-systems",
        "repo": "default",
        "type": "github"
      }
    },
    "unstable": {
      "locked": {
        "lastModified": 1721970117,
        "narHash": "sha256-Hwm46lggqtihMaRuxbNaC1ACcU2a0jO/HXqrdjMatXk=",
        "owner": "nixos",
        "repo": "nixpkgs",
        "rev": "733453ac54a40997a6a690b60f3942d79560247c",
        "type": "github"
      },
      "original": {
        "owner": "nixos",
        "ref": "nixpkgs-unstable",
        "repo": "nixpkgs",
        "type": "github"
      }
    }
  },
  "root": "root",
  "version": 7
}
